
Microsoft Visual Studio Solution File, Format Version 12.00
# Visual Studio 15
Project("{FAE04EC0-301F-11D3-BF4B-00C04F79EFBC}") = "UniRx", "UniRx.csproj", "{DC3FBF15-D41D-CE0B-E9C4-D6DCA6ABF4C6}"
EndProject
Project("{FAE04EC0-301F-11D3-BF4B-00C04F79EFBC}") = "UniRx.Async", "UniRx.Async.csproj", "{E47EDB0D-D73F-0C45-1C12-5FFC8BCD6B66}"
EndProject
Project("{FAE04EC0-301F-11D3-BF4B-00C04F79EFBC}") = "Assembly-CSharp-firstpass", "Assembly-CSharp-firstpass.csproj", "{19FED1E4-214A-CAB2-6A51-8674B5C404D7}"
EndProject
Project("{FAE04EC0-301F-11D3-BF4B-00C04F79EFBC}") = "UniRx.Examples", "UniRx.Examples.csproj", "{78B1B67B-18B1-650A-4D4F-8AB961A6EECC}"
EndProject
Project("{FAE04EC0-301F-11D3-BF4B-00C04F79EFBC}") = "Assembly-CSharp", "Assembly-CSharp.csproj", "{830D8767-B839-76A8-77DB-293BA2E82471}"
EndProject
Project("{FAE04EC0-301F-11D3-BF4B-00C04F79EFBC}") = "Assembly-CSharp-Editor-firstpass", "Assembly-CSharp-Editor-firstpass.csproj", "{97846CB9-8842-6FF7-0ACF-4E19E0D8FD29}"
EndProject
Project("{FAE04EC0-301F-11D3-BF4B-00C04F79EFBC}") = "UniRx.Async.Editor", "UniRx.Async.Editor.csproj", "{71FCCA3A-6602-7D6F-3735-CBC5D50A42C3}"
EndProject
Global
	GlobalSection(SolutionConfigurationPlatforms) = preSolution
		Debug|Any CPU = Debug|Any CPU
		Release|Any CPU = Release|Any CPU
	EndGlobalSection
	GlobalSection(ProjectConfigurationPlatforms) = postSolution
		{DC3FBF15-D41D-CE0B-E9C4-D6DCA6ABF4C6}.Debug|Any CPU.ActiveCfg = Debug|Any CPU
		{DC3FBF15-D41D-CE0B-E9C4-D6DCA6ABF4C6}.Debug|Any CPU.Build.0 = Debug|Any CPU
		{DC3FBF15-D41D-CE0B-E9C4-D6DCA6ABF4C6}.Release|Any CPU.ActiveCfg = Release|Any CPU
		{DC3FBF15-D41D-CE0B-E9C4-D6DCA6ABF4C6}.Release|Any CPU.Build.0 = Release|Any CPU
		{E47EDB0D-D73F-0C45-1C12-5FFC8BCD6B66}.Debug|Any CPU.ActiveCfg = Debug|Any CPU
		{E47EDB0D-D73F-0C45-1C12-5FFC8BCD6B66}.Debug|Any CPU.Build.0 = Debug|Any CPU
		{E47EDB0D-D73F-0C45-1C12-5FFC8BCD6B66}.Release|Any CPU.ActiveCfg = Release|Any CPU
		{E47EDB0D-D73F-0C45-1C12-5FFC8BCD6B66}.Release|Any CPU.Build.0 = Release|Any CPU
		{19FED1E4-214A-CAB2-6A51-8674B5C404D7}.Debug|Any CPU.ActiveCfg = Debug|Any CPU
		{19FED1E4-214A-CAB2-6A51-8674B5C404D7}.Debug|Any CPU.Build.0 = Debug|Any CPU
		{19FED1E4-214A-CAB2-6A51-8674B5C404D7}.Release|Any CPU.ActiveCfg = Release|Any CPU
		{19FED1E4-214A-CAB2-6A51-8674B5C404D7}.Release|Any CPU.Build.0 = Release|Any CPU
		{78B1B67B-18B1-650A-4D4F-8AB961A6EECC}.Debug|Any CPU.ActiveCfg = Debug|Any CPU
		{78B1B67B-18B1-650A-4D4F-8AB961A6EECC}.Debug|Any CPU.Build.0 = Debug|Any CPU
		{78B1B67B-18B1-650A-4D4F-8AB961A6EECC}.Release|Any CPU.ActiveCfg = Release|Any CPU
		{78B1B67B-18B1-650A-4D4F-8AB961A6EECC}.Release|Any CPU.Build.0 = Release|Any CPU
		{830D8767-B839-76A8-77DB-293BA2E82471}.Debug|Any CPU.ActiveCfg = Debug|Any CPU
		{830D8767-B839-76A8-77DB-293BA2E82471}.Debug|Any CPU.Build.0 = Debug|Any CPU
		{830D8767-B839-76A8-77DB-293BA2E82471}.Release|Any CPU.ActiveCfg = Release|Any CPU
		{830D8767-B839-76A8-77DB-293BA2E82471}.Release|Any CPU.Build.0 = Release|Any CPU
		{97846CB9-8842-6FF7-0ACF-4E19E0D8FD29}.Debug|Any CPU.ActiveCfg = Debug|Any CPU
		{97846CB9-8842-6FF7-0ACF-4E19E0D8FD29}.Debug|Any CPU.Build.0 = Debug|Any CPU
		{97846CB9-8842-6FF7-0ACF-4E19E0D8FD29}.Release|Any CPU.ActiveCfg = Release|Any CPU
		{97846CB9-8842-6FF7-0ACF-4E19E0D8FD29}.Release|Any CPU.Build.0 = Release|Any CPU
		{71FCCA3A-6602-7D6F-3735-CBC5D50A42C3}.Debug|Any CPU.ActiveCfg = Debug|Any CPU
		{71FCCA3A-6602-7D6F-3735-CBC5D50A42C3}.Debug|Any CPU.Build.0 = Debug|Any CPU
		{71FCCA3A-6602-7D6F-3735-CBC5D50A42C3}.Release|Any CPU.ActiveCfg = Release|Any CPU
		{71FCCA3A-6602-7D6F-3735-CBC5D50A42C3}.Release|Any CPU.Build.0 = Release|Any CPU
	EndGlobalSection
	GlobalSection(SolutionProperties) = preSolution
		HideSolutionNode = FALSE
	EndGlobalSection
EndGlobal
